
Microsoft Visual Studio Solution File, Format Version 12.00
# Visual Studio Version 17
VisualStudioVersion = 17.0.31919.166
MinimumVisualStudioVersion = 10.0.40219.1
Project("{FAE04EC0-301F-11D3-BF4B-00C04F79EFBC}") = "BikeShop", "BikeShop\BikeShop.csproj", "{54C708B5-EC8E-4B43-84F1-0B54993E5852}"
EndProject
Project("{9A19103F-16F7-4668-BE54-9A1E7A4F7556}") = "WpfApp1", "WpfApp1\WpfApp1.csproj", "{5D2F9219-68A0-4A8D-8A62-FDE6D0825374}"
EndProject
Project("{9A19103F-16F7-4668-BE54-9A1E7A4F7556}") = "WPF.Core", "WPF.Core\WPF.Core.csproj", "{D3A97573-EADE-44B3-9DC4-2D29664D33C6}"
EndProject
Project("{9A19103F-16F7-4668-BE54-9A1E7A4F7556}") = "Model", "Model\Model.csproj", "{28E1F1FC-1C1C-4119-9E0A-C0A537741B00}"
EndProject
Project("{FAE04EC0-301F-11D3-BF4B-00C04F79EFBC}") = "TestProject1", "TestProject1\TestProject1.csproj", "{499168C0-1B81-4BC8-A397-698F62E2A3B8}"
EndProject
Global
	GlobalSection(SolutionConfigurationPlatforms) = preSolution
		Debug|Any CPU = Debug|Any CPU
		Release|Any CPU = Release|Any CPU
	EndGlobalSection
	GlobalSection(ProjectConfigurationPlatforms) = postSolution
		{54C708B5-EC8E-4B43-84F1-0B54993E5852}.Debug|Any CPU.ActiveCfg = Debug|Any CPU
		{54C708B5-EC8E-4B43-84F1-0B54993E5852}.Debug|Any CPU.Build.0 = Debug|Any CPU
		{54C708B5-EC8E-4B43-84F1-0B54993E5852}.Release|Any CPU.ActiveCfg = Release|Any CPU
		{54C708B5-EC8E-4B43-84F1-0B54993E5852}.Release|Any CPU.Build.0 = Release|Any CPU
		{5D2F9219-68A0-4A8D-8A62-FDE6D0825374}.Debug|Any CPU.ActiveCfg = Debug|Any CPU
		{5D2F9219-68A0-4A8D-8A62-FDE6D0825374}.Debug|Any CPU.Build.0 = Debug|Any CPU
		{5D2F9219-68A0-4A8D-8A62-FDE6D0825374}.Release|Any CPU.ActiveCfg = Release|Any CPU
		{5D2F9219-68A0-4A8D-8A62-FDE6D0825374}.Release|Any CPU.Build.0 = Release|Any CPU
		{D3A97573-EADE-44B3-9DC4-2D29664D33C6}.Debug|Any CPU.ActiveCfg = Debug|Any CPU
		{D3A97573-EADE-44B3-9DC4-2D29664D33C6}.Debug|Any CPU.Build.0 = Debug|Any CPU
		{D3A97573-EADE-44B3-9DC4-2D29664D33C6}.Release|Any CPU.ActiveCfg = Release|Any CPU
		{D3A97573-EADE-44B3-9DC4-2D29664D33C6}.Release|Any CPU.Build.0 = Release|Any CPU
		{28E1F1FC-1C1C-4119-9E0A-C0A537741B00}.Debug|Any CPU.ActiveCfg = Debug|Any CPU
		{28E1F1FC-1C1C-4119-9E0A-C0A537741B00}.Debug|Any CPU.Build.0 = Debug|Any CPU
		{28E1F1FC-1C1C-4119-9E0A-C0A537741B00}.Release|Any CPU.ActiveCfg = Release|Any CPU
		{28E1F1FC-1C1C-4119-9E0A-C0A537741B00}.Release|Any CPU.Build.0 = Release|Any CPU
		{499168C0-1B81-4BC8-A397-698F62E2A3B8}.Debug|Any CPU.ActiveCfg = Debug|Any CPU
		{499168C0-1B81-4BC8-A397-698F62E2A3B8}.Debug|Any CPU.Build.0 = Debug|Any CPU
		{499168C0-1B81-4BC8-A397-698F62E2A3B8}.Release|Any CPU.ActiveCfg = Release|Any CPU
		{499168C0-1B81-4BC8-A397-698F62E2A3B8}.Release|Any CPU.Build.0 = Release|Any CPU
	EndGlobalSection
	GlobalSection(SolutionProperties) = preSolution
		HideSolutionNode = FALSE
	EndGlobalSection
	GlobalSection(ExtensibilityGlobals) = postSolution
		SolutionGuid = {61C83272-596B-4AB6-97AE-8D58E9D8A58E}
	EndGlobalSection
EndGlobal
